
Microsoft Visual Studio Solution File, Format Version 12.00
# Visual Studio 2012
Project("{8BC9CEB8-8B4A-11D0-8D11-00A0C91BC942}") = "DOA_PhilipSandegren_Tentamen", "DOA_PhilipSandegren_Tentamen\DOA_PhilipSandegren_Tentamen.vcxproj", "{9D29CCC6-F994-46C6-84B9-A7DA61E0C75E}"
EndProject
Global
	GlobalSection(SolutionConfigurationPlatforms) = preSolution
		Debug|Win32 = Debug|Win32
		Release|Win32 = Release|Win32
	EndGlobalSection
	GlobalSection(ProjectConfigurationPlatforms) = postSolution
		{9D29CCC6-F994-46C6-84B9-A7DA61E0C75E}.Debug|Win32.ActiveCfg = Debug|Win32
		{9D29CCC6-F994-46C6-84B9-A7DA61E0C75E}.Debug|Win32.Build.0 = Debug|Win32
		{9D29CCC6-F994-46C6-84B9-A7DA61E0C75E}.Release|Win32.ActiveCfg = Release|Win32
		{9D29CCC6-F994-46C6-84B9-A7DA61E0C75E}.Release|Win32.Build.0 = Release|Win32
	EndGlobalSection
	GlobalSection(SolutionProperties) = preSolution
		HideSolutionNode = FALSE
	EndGlobalSection
EndGlobal
