
Microsoft Visual Studio Solution File, Format Version 12.00
# Visual Studio 2012
Project("{888888A0-9F3D-457C-B088-3A5042F75D52}") = "Lab2_PythonReversi", "Lab2_PythonReversi\Lab2_PythonReversi.pyproj", "{05A26CB1-EC6B-4F24-846E-DC5A5E7097B0}"
EndProject
Global
	GlobalSection(SubversionScc) = preSolution
		Svn-Managed = True
		Manager = AnkhSVN - Subversion Support for Visual Studio
	EndGlobalSection
	GlobalSection(SolutionConfigurationPlatforms) = preSolution
		Debug|Any CPU = Debug|Any CPU
		Release|Any CPU = Release|Any CPU
	EndGlobalSection
	GlobalSection(ProjectConfigurationPlatforms) = postSolution
		{05A26CB1-EC6B-4F24-846E-DC5A5E7097B0}.Debug|Any CPU.ActiveCfg = Debug|Any CPU
		{05A26CB1-EC6B-4F24-846E-DC5A5E7097B0}.Debug|Any CPU.Build.0 = Debug|Any CPU
		{05A26CB1-EC6B-4F24-846E-DC5A5E7097B0}.Release|Any CPU.ActiveCfg = Release|Any CPU
		{05A26CB1-EC6B-4F24-846E-DC5A5E7097B0}.Release|Any CPU.Build.0 = Release|Any CPU
	EndGlobalSection
	GlobalSection(SolutionProperties) = preSolution
		HideSolutionNode = FALSE
	EndGlobalSection
EndGlobal
